
Microsoft Visual Studio Solution File, Format Version 12.00
# Visual Studio Version 17
VisualStudioVersion = 17.6.33829.357
MinimumVisualStudioVersion = 10.0.40219.1
Project("{FAE04EC0-301F-11D3-BF4B-00C04F79EFBC}") = "BasicQueuingCashier", "BasicQueuingCashier\BasicQueuingCashier.csproj", "{EEEC25F6-3984-4802-BFF6-9A42749C2D54}"
EndProject
Global
	GlobalSection(SolutionConfigurationPlatforms) = preSolution
		Debug|Any CPU = Debug|Any CPU
		Release|Any CPU = Release|Any CPU
	EndGlobalSection
	GlobalSection(ProjectConfigurationPlatforms) = postSolution
		{EEEC25F6-3984-4802-BFF6-9A42749C2D54}.Debug|Any CPU.ActiveCfg = Debug|Any CPU
		{EEEC25F6-3984-4802-BFF6-9A42749C2D54}.Debug|Any CPU.Build.0 = Debug|Any CPU
		{EEEC25F6-3984-4802-BFF6-9A42749C2D54}.Release|Any CPU.ActiveCfg = Release|Any CPU
		{EEEC25F6-3984-4802-BFF6-9A42749C2D54}.Release|Any CPU.Build.0 = Release|Any CPU
	EndGlobalSection
	GlobalSection(SolutionProperties) = preSolution
		HideSolutionNode = FALSE
	EndGlobalSection
	GlobalSection(ExtensibilityGlobals) = postSolution
		SolutionGuid = {4B68CD28-3ABA-47B4-A90C-BC091B1460ED}
	EndGlobalSection
EndGlobal
